// !$*UTF8*$!
{
	archiveVersion = 1;
	classes = {
	};
	objectVersion = 56;
	objects = {

/* Begin PBXBuildFile section */
		D596B9872B09800A00A5C24D /* HikeApp.swift in Sources */ = {isa = PBXBuildFile; fileRef = D596B9862B09800A00A5C24D /* HikeApp.swift */; };
		D596B9892B09800A00A5C24D /* ContentView.swift in Sources */ = {isa = PBXBuildFile; fileRef = D596B9882B09800A00A5C24D /* ContentView.swift */; };
		D596B98B2B09800C00A5C24D /* Assets.xcassets in Resources */ = {isa = PBXBuildFile; fileRef = D596B98A2B09800C00A5C24D /* Assets.xcassets */; };
		D596B98E2B09800C00A5C24D /* Preview Assets.xcassets in Resources */ = {isa = PBXBuildFile; fileRef = D596B98D2B09800C00A5C24D /* Preview Assets.xcassets */; };
		D596B9952B0989AC00A5C24D /* CardView.swift in Sources */ = {isa = PBXBuildFile; fileRef = D596B9942B0989AC00A5C24D /* CardView.swift */; };
		D596B9982B098BA600A5C24D /* CustomBackgroundView.swift in Sources */ = {isa = PBXBuildFile; fileRef = D596B9972B098BA600A5C24D /* CustomBackgroundView.swift */; };
		D596B99B2B098DEC00A5C24D /* ColorExtension.swift in Sources */ = {isa = PBXBuildFile; fileRef = D596B99A2B098DEC00A5C24D /* ColorExtension.swift */; };
		D596B99D2B0D3E0700A5C24D /* CustomButton.swift in Sources */ = {isa = PBXBuildFile; fileRef = D596B99C2B0D3E0700A5C24D /* CustomButton.swift */; };
		D596B99F2B0E574600A5C24D /* GradientButtonStyle.swift in Sources */ = {isa = PBXBuildFile; fileRef = D596B99E2B0E574600A5C24D /* GradientButtonStyle.swift */; };
		D596B9A12B0E601F00A5C24D /* CustomCircleView.swift in Sources */ = {isa = PBXBuildFile; fileRef = D596B9A02B0E601F00A5C24D /* CustomCircleView.swift */; };
		D596B9A32B0E764600A5C24D /* MotionAnimationView.swift in Sources */ = {isa = PBXBuildFile; fileRef = D596B9A22B0E764500A5C24D /* MotionAnimationView.swift */; };
		D596B9A62B1017A200A5C24D /* SettingsView.swift in Sources */ = {isa = PBXBuildFile; fileRef = D596B9A52B1017A200A5C24D /* SettingsView.swift */; };
/* End PBXBuildFile section */

/* Begin PBXFileReference section */
		D596B9832B09800A00A5C24D /* Hike.app */ = {isa = PBXFileReference; explicitFileType = wrapper.application; includeInIndex = 0; path = Hike.app; sourceTree = BUILT_PRODUCTS_DIR; };
		D596B9862B09800A00A5C24D /* HikeApp.swift */ = {isa = PBXFileReference; lastKnownFileType = sourcecode.swift; path = HikeApp.swift; sourceTree = "<group>"; };
		D596B9882B09800A00A5C24D /* ContentView.swift */ = {isa = PBXFileReference; lastKnownFileType = sourcecode.swift; path = ContentView.swift; sourceTree = "<group>"; };
		D596B98A2B09800C00A5C24D /* Assets.xcassets */ = {isa = PBXFileReference; lastKnownFileType = folder.assetcatalog; path = Assets.xcassets; sourceTree = "<group>"; };
		D596B98D2B09800C00A5C24D /* Preview Assets.xcassets */ = {isa = PBXFileReference; lastKnownFileType = folder.assetcatalog; path = "Preview Assets.xcassets"; sourceTree = "<group>"; };
		D596B9942B0989AC00A5C24D /* CardView.swift */ = {isa = PBXFileReference; lastKnownFileType = sourcecode.swift; path = CardView.swift; sourceTree = "<group>"; };
		D596B9972B098BA600A5C24D /* CustomBackgroundView.swift */ = {isa = PBXFileReference; lastKnownFileType = sourcecode.swift; path = CustomBackgroundView.swift; sourceTree = "<group>"; };
		D596B99A2B098DEC00A5C24D /* ColorExtension.swift */ = {isa = PBXFileReference; lastKnownFileType = sourcecode.swift; path = ColorExtension.swift; sourceTree = "<group>"; };
		D596B99C2B0D3E0700A5C24D /* CustomButton.swift */ = {isa = PBXFileReference; lastKnownFileType = sourcecode.swift; path = CustomButton.swift; sourceTree = "<group>"; };
		D596B99E2B0E574600A5C24D /* GradientButtonStyle.swift */ = {isa = PBXFileReference; lastKnownFileType = sourcecode.swift; path = GradientButtonStyle.swift; sourceTree = "<group>"; };
		D596B9A02B0E601F00A5C24D /* CustomCircleView.swift */ = {isa = PBXFileReference; lastKnownFileType = sourcecode.swift; path = CustomCircleView.swift; sourceTree = "<group>"; };
		D596B9A22B0E764500A5C24D /* MotionAnimationView.swift */ = {isa = PBXFileReference; lastKnownFileType = sourcecode.swift; path = MotionAnimationView.swift; sourceTree = "<group>"; };
		D596B9A52B1017A200A5C24D /* SettingsView.swift */ = {isa = PBXFileReference; lastKnownFileType = sourcecode.swift; path = SettingsView.swift; sourceTree = "<group>"; };
/* End PBXFileReference section */

/* Begin PBXFrameworksBuildPhase section */
		D596B9802B09800A00A5C24D /* Frameworks */ = {
			isa = PBXFrameworksBuildPhase;
			buildActionMask = 2147483647;
			files = (
			);
			runOnlyForDeploymentPostprocessing = 0;
		};
/* End PBXFrameworksBuildPhase section */

/* Begin PBXGroup section */
		D596B97A2B09800A00A5C24D = {
			isa = PBXGroup;
			children = (
				D596B9852B09800A00A5C24D /* Hike */,
				D596B9842B09800A00A5C24D /* Products */,
			);
			sourceTree = "<group>";
		};
		D596B9842B09800A00A5C24D /* Products */ = {
			isa = PBXGroup;
			children = (
				D596B9832B09800A00A5C24D /* Hike.app */,
			);
			name = Products;
			sourceTree = "<group>";
		};
		D596B9852B09800A00A5C24D /* Hike */ = {
			isa = PBXGroup;
			children = (
				D596B9A42B10178500A5C24D /* Screen */,
				D596B9992B098DCD00A5C24D /* Utility */,
				D596B9862B09800A00A5C24D /* HikeApp.swift */,
				D596B9882B09800A00A5C24D /* ContentView.swift */,
				D596B98A2B09800C00A5C24D /* Assets.xcassets */,
				D596B9942B0989AC00A5C24D /* CardView.swift */,
				D596B98C2B09800C00A5C24D /* Preview Content */,
				D596B9962B098B6900A5C24D /* Component */,
			);
			path = Hike;
			sourceTree = "<group>";
		};
		D596B98C2B09800C00A5C24D /* Preview Content */ = {
			isa = PBXGroup;
			children = (
				D596B98D2B09800C00A5C24D /* Preview Assets.xcassets */,
			);
			path = "Preview Content";
			sourceTree = "<group>";
		};
		D596B9962B098B6900A5C24D /* Component */ = {
			isa = PBXGroup;
			children = (
				D596B9972B098BA600A5C24D /* CustomBackgroundView.swift */,
				D596B99C2B0D3E0700A5C24D /* CustomButton.swift */,
				D596B9A02B0E601F00A5C24D /* CustomCircleView.swift */,
				D596B9A22B0E764500A5C24D /* MotionAnimationView.swift */,
			);
			path = Component;
			sourceTree = "<group>";
		};
		D596B9992B098DCD00A5C24D /* Utility */ = {
			isa = PBXGroup;
			children = (
				D596B99A2B098DEC00A5C24D /* ColorExtension.swift */,
				D596B99E2B0E574600A5C24D /* GradientButtonStyle.swift */,
			);
			path = Utility;
			sourceTree = "<group>";
		};
		D596B9A42B10178500A5C24D /* Screen */ = {
			isa = PBXGroup;
			children = (
				D596B9A52B1017A200A5C24D /* SettingsView.swift */,
			);
			path = Screen;
			sourceTree = "<group>";
		};
/* End PBXGroup section */

/* Begin PBXNativeTarget section */
		D596B9822B09800A00A5C24D /* Hike */ = {
			isa = PBXNativeTarget;
			buildConfigurationList = D596B9912B09800C00A5C24D /* Build configuration list for PBXNativeTarget "Hike" */;
			buildPhases = (
				D596B97F2B09800A00A5C24D /* Sources */,
				D596B9802B09800A00A5C24D /* Frameworks */,
				D596B9812B09800A00A5C24D /* Resources */,
			);
			buildRules = (
			);
			dependencies = (
			);
			name = Hike;
			productName = Hike;
			productReference = D596B9832B09800A00A5C24D /* Hike.app */;
			productType = "com.apple.product-type.application";
		};
/* End PBXNativeTarget section */

/* Begin PBXProject section */
		D596B97B2B09800A00A5C24D /* Project object */ = {
			isa = PBXProject;
			attributes = {
				BuildIndependentTargetsInParallel = 1;
				LastSwiftUpdateCheck = 1430;
				LastUpgradeCheck = 1430;
				TargetAttributes = {
					D596B9822B09800A00A5C24D = {
						CreatedOnToolsVersion = 14.3.1;
					};
				};
			};
			buildConfigurationList = D596B97E2B09800A00A5C24D /* Build configuration list for PBXProject "Hike" */;
			compatibilityVersion = "Xcode 14.0";
			developmentRegion = en;
			hasScannedForEncodings = 0;
			knownRegions = (
				en,
				Base,
			);
			mainGroup = D596B97A2B09800A00A5C24D;
			productRefGroup = D596B9842B09800A00A5C24D /* Products */;
			projectDirPath = "";
			projectRoot = "";
			targets = (
				D596B9822B09800A00A5C24D /* Hike */,
			);
		};
/* End PBXProject section */

/* Begin PBXResourcesBuildPhase section */
		D596B9812B09800A00A5C24D /* Resources */ = {
			isa = PBXResourcesBuildPhase;
			buildActionMask = 2147483647;
			files = (
				D596B98E2B09800C00A5C24D /* Preview Assets.xcassets in Resources */,
				D596B98B2B09800C00A5C24D /* Assets.xcassets in Resources */,
			);
			runOnlyForDeploymentPostprocessing = 0;
		};
/* End PBXResourcesBuildPhase section */

/* Begin PBXSourcesBuildPhase section */
		D596B97F2B09800A00A5C24D /* Sources */ = {
			isa = PBXSourcesBuildPhase;
			buildActionMask = 2147483647;
			files = (
				D596B9892B09800A00A5C24D /* ContentView.swift in Sources */,
				D596B9A12B0E601F00A5C24D /* CustomCircleView.swift in Sources */,
				D596B9952B0989AC00A5C24D /* CardView.swift in Sources */,
				D596B99D2B0D3E0700A5C24D /* CustomButton.swift in Sources */,
				D596B9872B09800A00A5C24D /* HikeApp.swift in Sources */,
				D596B9A62B1017A200A5C24D /* SettingsView.swift in Sources */,
				D596B99F2B0E574600A5C24D /* GradientButtonStyle.swift in Sources */,
				D596B9A32B0E764600A5C24D /* MotionAnimationView.swift in Sources */,
				D596B9982B098BA600A5C24D /* CustomBackgroundView.swift in Sources */,
				D596B99B2B098DEC00A5C24D /* ColorExtension.swift in Sources */,
			);
			runOnlyForDeploymentPostprocessing = 0;
		};
/* End PBXSourcesBuildPhase section */

/* Begin XCBuildConfiguration section */
		D596B98F2B09800C00A5C24D /* Debug */ = {
			isa = XCBuildConfiguration;
			buildSettings = {
				ALWAYS_SEARCH_USER_PATHS = NO;
				CLANG_ANALYZER_NONNULL = YES;
				CLANG_ANALYZER_NUMBER_OBJECT_CONVERSION = YES_AGGRESSIVE;
				CLANG_CXX_LANGUAGE_STANDARD = "gnu++20";
				CLANG_ENABLE_MODULES = YES;
				CLANG_ENABLE_OBJC_ARC = YES;
				CLANG_ENABLE_OBJC_WEAK = YES;
				CLANG_WARN_BLOCK_CAPTURE_AUTORELEASING = YES;
				CLANG_WARN_BOOL_CONVERSION = YES;
				CLANG_WARN_COMMA = YES;
				CLANG_WARN_CONSTANT_CONVERSION = YES;
				CLANG_WARN_DEPRECATED_OBJC_IMPLEMENTATIONS = YES;
				CLANG_WARN_DIRECT_OBJC_ISA_USAGE = YES_ERROR;
				CLANG_WARN_DOCUMENTATION_COMMENTS = YES;
				CLANG_WARN_EMPTY_BODY = YES;
				CLANG_WARN_ENUM_CONVERSION = YES;
				CLANG_WARN_INFINITE_RECURSION = YES;
				CLANG_WARN_INT_CONVERSION = YES;
				CLANG_WARN_NON_LITERAL_NULL_CONVERSION = YES;
				CLANG_WARN_OBJC_IMPLICIT_RETAIN_SELF = YES;
				CLANG_WARN_OBJC_LITERAL_CONVERSION = YES;
				CLANG_WARN_OBJC_ROOT_CLASS = YES_ERROR;
				CLANG_WARN_QUOTED_INCLUDE_IN_FRAMEWORK_HEADER = YES;
				CLANG_WARN_RANGE_LOOP_ANALYSIS = YES;
				CLANG_WARN_STRICT_PROTOTYPES = YES;
				CLANG_WARN_SUSPICIOUS_MOVE = YES;
				CLANG_WARN_UNGUARDED_AVAILABILITY = YES_AGGRESSIVE;
				CLANG_WARN_UNREACHABLE_CODE = YES;
				CLANG_WARN__DUPLICATE_METHOD_MATCH = YES;
				COPY_PHASE_STRIP = NO;
				DEBUG_INFORMATION_FORMAT = dwarf;
				ENABLE_STRICT_OBJC_MSGSEND = YES;
				ENABLE_TESTABILITY = YES;
				GCC_C_LANGUAGE_STANDARD = gnu11;
				GCC_DYNAMIC_NO_PIC = NO;
				GCC_NO_COMMON_BLOCKS = YES;
				GCC_OPTIMIZATION_LEVEL = 0;
				GCC_PREPROCESSOR_DEFINITIONS = (
					"DEBUG=1",
					"$(inherited)",
				);
				GCC_WARN_64_TO_32_BIT_CONVERSION = YES;
				GCC_WARN_ABOUT_RETURN_TYPE = YES_ERROR;
				GCC_WARN_UNDECLARED_SELECTOR = YES;
				GCC_WARN_UNINITIALIZED_AUTOS = YES_AGGRESSIVE;
				GCC_WARN_UNUSED_FUNCTION = YES;
				GCC_WARN_UNUSED_VARIABLE = YES;
				IPHONEOS_DEPLOYMENT_TARGET = 16.4;
				MTL_ENABLE_DEBUG_INFO = INCLUDE_SOURCE;
				MTL_FAST_MATH = YES;
				ONLY_ACTIVE_ARCH = YES;
				SDKROOT = iphoneos;
				SWIFT_ACTIVE_COMPILATION_CONDITIONS = DEBUG;
				SWIFT_OPTIMIZATION_LEVEL = "-Onone";
			};
			name = Debug;
		};
		D596B9902B09800C00A5C24D /* Release */ = {
			isa = XCBuildConfiguration;
			buildSettings = {
				ALWAYS_SEARCH_USER_PATHS = NO;
				CLANG_ANALYZER_NONNULL = YES;
				CLANG_ANALYZER_NUMBER_OBJECT_CONVERSION = YES_AGGRESSIVE;
				CLANG_CXX_LANGUAGE_STANDARD = "gnu++20";
				CLANG_ENABLE_MODULES = YES;
				CLANG_ENABLE_OBJC_ARC = YES;
				CLANG_ENABLE_OBJC_WEAK = YES;
				CLANG_WARN_BLOCK_CAPTURE_AUTORELEASING = YES;
				CLANG_WARN_BOOL_CONVERSION = YES;
				CLANG_WARN_COMMA = YES;
				CLANG_WARN_CONSTANT_CONVERSION = YES;
				CLANG_WARN_DEPRECATED_OBJC_IMPLEMENTATIONS = YES;
				CLANG_WARN_DIRECT_OBJC_ISA_USAGE = YES_ERROR;
				CLANG_WARN_DOCUMENTATION_COMMENTS = YES;
				CLANG_WARN_EMPTY_BODY = YES;
				CLANG_WARN_ENUM_CONVERSION = YES;
				CLANG_WARN_INFINITE_RECURSION = YES;
				CLANG_WARN_INT_CONVERSION = YES;
				CLANG_WARN_NON_LITERAL_NULL_CONVERSION = YES;
				CLANG_WARN_OBJC_IMPLICIT_RETAIN_SELF = YES;
				CLANG_WARN_OBJC_LITERAL_CONVERSION = YES;
				CLANG_WARN_OBJC_ROOT_CLASS = YES_ERROR;
				CLANG_WARN_QUOTED_INCLUDE_IN_FRAMEWORK_HEADER = YES;
				CLANG_WARN_RANGE_LOOP_ANALYSIS = YES;
				CLANG_WARN_STRICT_PROTOTYPES = YES;
				CLANG_WARN_SUSPICIOUS_MOVE = YES;
				CLANG_WARN_UNGUARDED_AVAILABILITY = YES_AGGRESSIVE;
				CLANG_WARN_UNREACHABLE_CODE = YES;
				CLANG_WARN__DUPLICATE_METHOD_MATCH = YES;
				COPY_PHASE_STRIP = NO;
				DEBUG_INFORMATION_FORMAT = "dwarf-with-dsym";
				ENABLE_NS_ASSERTIONS = NO;
				ENABLE_STRICT_OBJC_MSGSEND = YES;
				GCC_C_LANGUAGE_STANDARD = gnu11;
				GCC_NO_COMMON_BLOCKS = YES;
				GCC_WARN_64_TO_32_BIT_CONVERSION = YES;
				GCC_WARN_ABOUT_RETURN_TYPE = YES_ERROR;
				GCC_WARN_UNDECLARED_SELECTOR = YES;
				GCC_WARN_UNINITIALIZED_AUTOS = YES_AGGRESSIVE;
				GCC_WARN_UNUSED_FUNCTION = YES;
				GCC_WARN_UNUSED_VARIABLE = YES;
				IPHONEOS_DEPLOYMENT_TARGET = 16.4;
				MTL_ENABLE_DEBUG_INFO = NO;
				MTL_FAST_MATH = YES;
				SDKROOT = iphoneos;
				SWIFT_COMPILATION_MODE = wholemodule;
				SWIFT_OPTIMIZATION_LEVEL = "-O";
				VALIDATE_PRODUCT = YES;
			};
			name = Release;
		};
		D596B9922B09800C00A5C24D /* Debug */ = {
			isa = XCBuildConfiguration;
			buildSettings = {
				ASSETCATALOG_COMPILER_APPICON_NAME = AppIcon;
				ASSETCATALOG_COMPILER_GLOBAL_ACCENT_COLOR_NAME = AccentColor;
				CODE_SIGN_STYLE = Automatic;
				CURRENT_PROJECT_VERSION = 1;
				DEVELOPMENT_ASSET_PATHS = "\"Hike/Preview Content\"";
				DEVELOPMENT_TEAM = 9783S9K6GB;
				ENABLE_PREVIEWS = YES;
				GENERATE_INFOPLIST_FILE = YES;
				INFOPLIST_KEY_UIApplicationSceneManifest_Generation = YES;
				INFOPLIST_KEY_UIApplicationSupportsIndirectInputEvents = YES;
				INFOPLIST_KEY_UILaunchScreen_Generation = YES;
				INFOPLIST_KEY_UISupportedInterfaceOrientations_iPad = "UIInterfaceOrientationPortrait UIInterfaceOrientationPortraitUpsideDown UIInterfaceOrientationLandscapeLeft UIInterfaceOrientationLandscapeRight";
				INFOPLIST_KEY_UISupportedInterfaceOrientations_iPhone = "UIInterfaceOrientationPortrait UIInterfaceOrientationLandscapeLeft UIInterfaceOrientationLandscapeRight";
				LD_RUNPATH_SEARCH_PATHS = (
					"$(inherited)",
					"@executable_path/Frameworks",
				);
				MARKETING_VERSION = 1.0;
				PRODUCT_BUNDLE_IDENTIFIER = rodrigo.conte.Hike;
				PRODUCT_NAME = "$(TARGET_NAME)";
				SWIFT_EMIT_LOC_STRINGS = YES;
				SWIFT_VERSION = 5.0;
				TARGETED_DEVICE_FAMILY = "1,2";
			};
			name = Debug;
		};
		D596B9932B09800C00A5C24D /* Release */ = {
			isa = XCBuildConfiguration;
			buildSettings = {
				ASSETCATALOG_COMPILER_APPICON_NAME = AppIcon;
				ASSETCATALOG_COMPILER_GLOBAL_ACCENT_COLOR_NAME = AccentColor;
				CODE_SIGN_STYLE = Automatic;
				CURRENT_PROJECT_VERSION = 1;
				DEVELOPMENT_ASSET_PATHS = "\"Hike/Preview Content\"";
				DEVELOPMENT_TEAM = 9783S9K6GB;
				ENABLE_PREVIEWS = YES;
				GENERATE_INFOPLIST_FILE = YES;
				INFOPLIST_KEY_UIApplicationSceneManifest_Generation = YES;
				INFOPLIST_KEY_UIApplicationSupportsIndirectInputEvents = YES;
				INFOPLIST_KEY_UILaunchScreen_Generation = YES;
				INFOPLIST_KEY_UISupportedInterfaceOrientations_iPad = "UIInterfaceOrientationPortrait UIInterfaceOrientationPortraitUpsideDown UIInterfaceOrientationLandscapeLeft UIInterfaceOrientationLandscapeRight";
				INFOPLIST_KEY_UISupportedInterfaceOrientations_iPhone = "UIInterfaceOrientationPortrait UIInterfaceOrientationLandscapeLeft UIInterfaceOrientationLandscapeRight";
				LD_RUNPATH_SEARCH_PATHS = (
					"$(inherited)",
					"@executable_path/Frameworks",
				);
				MARKETING_VERSION = 1.0;
				PRODUCT_BUNDLE_IDENTIFIER = rodrigo.conte.Hike;
				PRODUCT_NAME = "$(TARGET_NAME)";
				SWIFT_EMIT_LOC_STRINGS = YES;
				SWIFT_VERSION = 5.0;
				TARGETED_DEVICE_FAMILY = "1,2";
			};
			name = Release;
		};
/* End XCBuildConfiguration section */

/* Begin XCConfigurationList section */
		D596B97E2B09800A00A5C24D /* Build configuration list for PBXProject "Hike" */ = {
			isa = XCConfigurationList;
			buildConfigurations = (
				D596B98F2B09800C00A5C24D /* Debug */,
				D596B9902B09800C00A5C24D /* Release */,
			);
			defaultConfigurationIsVisible = 0;
			defaultConfigurationName = Release;
		};
		D596B9912B09800C00A5C24D /* Build configuration list for PBXNativeTarget "Hike" */ = {
			isa = XCConfigurationList;
			buildConfigurations = (
				D596B9922B09800C00A5C24D /* Debug */,
				D596B9932B09800C00A5C24D /* Release */,
			);
			defaultConfigurationIsVisible = 0;
			defaultConfigurationName = Release;
		};
/* End XCConfigurationList section */
	};
	rootObject = D596B97B2B09800A00A5C24D /* Project object */;
}
